github.com/fxamacker/cbor/v2 v2.4.0 h1:ri0ArlOR+5XunOP8CRUowT0pSJOwhW098ZCUyskZD88=
github.com/fxamacker/cbor/v2 v2.4.0/go.mod h1:TA1xS00nchWmaBnEIxPSE5oHLuJBAVvqrtAnWBwBCVo=
github.com/golang/protobuf v1.5.2 h1:ROPKBNFfQgOUMifHyP+KYbvpjbdoFNs+aK7DXlji0Tw=
github.com/google/go-cmp v0.5.8 h1:e6P7q2lk1O+qJJb4BtCQXlK8vWEO8V1ZeuEdJNOqZyg=
github.com/google/go-cmp v0.5.8/go.mod h1:17dUlkBOakJ0+DkrSSNjCkIjxS6bF9zb3elmeNGIjoY=
github.com/notaryproject/notation-core-go v1.0.0-rc.2 h1:nNJuXa12jVNSSETjGNJEcZgv1NwY5ToYPo+c0P9syCI=
github.com/notaryproject/notation-core-go v1.0.0-rc.2/go.mod h1:ASoc9KbJkSHLbKhO96lb0pIEWJRMZq9oprwBSZ0EAx0=
github.com/onsi/ginkgo/v2 v2.3.0 h1:kUMoxMoQG3ogk/QWyKh3zibV7BKZ+xBpWil1cTylVqc=
github.com/onsi/ginkgo/v2 v2.3.0/go.mod h1:Eew0uilEqZmIEZr8JrvYlvOM7Rr6xzTmMV8AyFNU9d0=
github.com/onsi/gomega v1.22.1 h1:pY8O4lBfsHKZHM/6nrxkhVPUznOlIu3quZcKP/M20KI=
github.com/onsi/gomega v1.22.1/go.mod h1:x6n7VNe4hw0vkyYUM4mjIXx3JbLiPaBPNgB7PRQ1tuM=
github.com/opencontainers/go-digest v1.0.0 h1:apOUWs51W5PlhuyGyz9FCeeBIOUDA/6nW8Oi/yOhh5U=
github.com/opencontainers/go-digest v1.0.0/go.mod h1:0JzlMkj0TRzQZfJkVvzbP0HBR3IKzErnv2BNG4W4MAM=
github.com/opencontainers/image-spec v1.1.0-rc2 h1:2zx/Stx4Wc5pIPDvIxHXvXtQFW/7XWJGmnM7r3wg034=
github.com/opencontainers/image-spec v1.1.0-rc2/go.mod h1:3OVijpioIKYWTqjiG0zfF6wvoJ4fAXGbjdZuI2NgsRQ=
github.com/veraison/go-cose v1.0.0 h1:Jxirc0rl3gG7wUFgW+82tBQNeK8T8e2Bk1Vd298ob4A=
github.com/veraison/go-cose v1.0.0/go.mod h1:7ziE85vSq4ScFTg6wyoMXjucIGOf4JkFEZi/an96Ct4=
github.com/x448/float16 v0.8.4 h1:qLwI1I70+NjRFUR3zs1JPUCgaCXSh3SW62uAKT1mSBM=
github.com/x448/float16 v0.8.4/go.mod h1:14CWIYCyZA/cWjXOioeEpHeN/83MdbZDRQHoFcYsOfg=
golang.org/x/net v0.7.0 h1:rJrUqqhjsgNp7KqAIc25s9pZnjU7TUcSY7HcVZjdn1g=
golang.org/x/net v0.7.0/go.mod h1:2Tu9+aMcznHK/AK1HMvgo6xiTLG5rD5rZLDS+rp2Bjs=
golang.org/x/sync v0.1.0 h1:wsuoTGHzEhffawBOhz5CYhcrV4IdKZbEyZjBMuTp12o=
golang.org/x/sync v0.1.0/go.mod h1:RxMgew5VJxzue5/jJTE5uejpjVlOe/izrB70Jof72aM=
golang.org/x/sys v0.5.0 h1:MUK/U/4lj1t1oPg0HfuXDN/Z1wv31ZJ/YcPiGccS4DU=
golang.org/x/sys v0.5.0/go.mod h1:oPkhp1MJrh7nUepCBck5+mAzfO9JrbApNNgaTdGDITg=
golang.org/x/text v0.7.0 h1:4BRB4x83lYWy72KwLD/qYDuTu7q9PjSagHvijDw7cLo=
golang.org/x/text v0.7.0/go.mod h1:mrYo+phRRbMaCq/xk9113O4dZlRixOauAjOtrjsXDZ8=
google.golang.org/protobuf v1.28.0 h1:w43yiav+6bVFTBQFZX0r7ipe9JQ1QsbMgHwbBziscLw=
gopkg.in/check.v1 v0.0.0-20161208181325-20d25e280405 h1:yhCVgyC4o1eVCa2tZl7eS0r+SDo693bJlVdllGtEeKM=
gopkg.in/check.v1 v0.0.0-20161208181325-20d25e280405/go.mod h1:Co6ibVJAznAaIkqp8huTwlJQCZ016jof/cbN4VW5Yz0=
gopkg.in/yaml.v3 v3.0.1 h1:fxVm/GzAzEWqLHuvctI91KS9hhNmmWOoWu0XTYJS7CA=
gopkg.in/yaml.v3 v3.0.1/go.mod h1:K4uyk7z7BCEPqu6E+C64Yfv1cQ7kz7rIZviUmN+EgEM=
oras.land/oras-go/v2 v2.0.0-rc.6 h1:jGWysqm8flq+X0Vj8bZ6rkASAqTab5k18Mx9hEjFc8g=
oras.land/oras-go/v2 v2.0.0-rc.6/go.mod h1:iVExH1NxrccIxjsiq17L91WCZ4KIw6jVQyCLsZsu1gc=
